
Microsoft Visual Studio Solution File, Format Version 12.00
# Visual Studio Version 17
VisualStudioVersion = 17.3.32929.385
MinimumVisualStudioVersion = 10.0.40219.1
Project("{FAE04EC0-301F-11D3-BF4B-00C04F79EFBC}") = "Lab14WpfApp", "Lab14WpfApp\Lab14WpfApp.csproj", "{2D55D1A8-28B0-4A1C-90C9-1A6A634A0664}"
EndProject
Global
	GlobalSection(SolutionConfigurationPlatforms) = preSolution
		Debug|Any CPU = Debug|Any CPU
		Release|Any CPU = Release|Any CPU
	EndGlobalSection
	GlobalSection(ProjectConfigurationPlatforms) = postSolution
		{2D55D1A8-28B0-4A1C-90C9-1A6A634A0664}.Debug|Any CPU.ActiveCfg = Debug|Any CPU
		{2D55D1A8-28B0-4A1C-90C9-1A6A634A0664}.Debug|Any CPU.Build.0 = Debug|Any CPU
		{2D55D1A8-28B0-4A1C-90C9-1A6A634A0664}.Release|Any CPU.ActiveCfg = Release|Any CPU
		{2D55D1A8-28B0-4A1C-90C9-1A6A634A0664}.Release|Any CPU.Build.0 = Release|Any CPU
	EndGlobalSection
	GlobalSection(SolutionProperties) = preSolution
		HideSolutionNode = FALSE
	EndGlobalSection
	GlobalSection(ExtensibilityGlobals) = postSolution
		SolutionGuid = {1CCC3A57-403E-4BA0-A18E-E1CCA55163DF}
	EndGlobalSection
EndGlobal
